// !$*UTF8*$!
{
	archiveVersion = 1;
	classes = {
	};
	objectVersion = 50;
	objects = {

/* Begin PBXBuildFile section */
		316643EE261C456D007AF71F /* Assets.xcassets in Resources */ = {isa = PBXBuildFile; fileRef = 316643ED261C456D007AF71F /* Assets.xcassets */; };
		316643F1261C456D007AF71F /* Preview Assets.xcassets in Resources */ = {isa = PBXBuildFile; fileRef = 316643F0261C456D007AF71F /* Preview Assets.xcassets */; };
		316BBDEF2B6A7F8D00340FAA /* demoApps.swift in Sources */ = {isa = PBXBuildFile; fileRef = 316BBDEE2B6A7F8D00340FAA /* demoApps.swift */; };
		316BBDF12B6A7FD600340FAA /* calculator.swift in Sources */ = {isa = PBXBuildFile; fileRef = 316BBDF02B6A7FD600340FAA /* calculator.swift */; };
		316BBDF32B6A7FD600340FAA /* MetalDemoApp.swift in Sources */ = {isa = PBXBuildFile; fileRef = 316BBDF22B6A7FD600340FAA /* MetalDemoApp.swift */; };
		318D311E2B6B4D4D0015DF22 /* map.swift in Sources */ = {isa = PBXBuildFile; fileRef = 318D311D2B6B4D4D0015DF22 /* map.swift */; };
		31CD3DB826CB19A200ED32A3 /* README.md in Resources */ = {isa = PBXBuildFile; fileRef = 31CD3DB726CB19A200ED32A3 /* README.md */; };
		31CD3DBA26CB1C8600ED32A3 /* README_EN.md in Resources */ = {isa = PBXBuildFile; fileRef = 31CD3DB926CB1C8600ED32A3 /* README_EN.md */; };
		31DD645826CB11EC00D3250E /* Environment.swift in Sources */ = {isa = PBXBuildFile; fileRef = 3107F98C261D613700269C8A /* Environment.swift */; };
		31DD645926CB11EC00D3250E /* WebView.swift in Sources */ = {isa = PBXBuildFile; fileRef = 3107F98A261D438F00269C8A /* WebView.swift */; };
		31DD645A26CB11EC00D3250E /* ContentView.swift in Sources */ = {isa = PBXBuildFile; fileRef = 316643EB261C456A007AF71F /* ContentView.swift */; };
		31DD645B26CB11EC00D3250E /* window.swift in Sources */ = {isa = PBXBuildFile; fileRef = 31664414261C4607007AF71F /* window.swift */; };
		31DD645C26CB11EC00D3250E /* window_system.swift in Sources */ = {isa = PBXBuildFile; fileRef = 31664416261C5B49007AF71F /* window_system.swift */; };
		31DD645D26CB11EC00D3250E /* swiftui_windowApp.swift in Sources */ = {isa = PBXBuildFile; fileRef = 316643E9261C456A007AF71F /* swiftui_windowApp.swift */; };
/* End PBXBuildFile section */

/* Begin PBXCopyFilesBuildPhase section */
		31DD644E26CB11D100D3250E /* Embed Frameworks */ = {
			isa = PBXCopyFilesBuildPhase;
			buildActionMask = 2147483647;
			dstPath = "";
			dstSubfolderSpec = 10;
			files = (
			);
			name = "Embed Frameworks";
			runOnlyForDeploymentPostprocessing = 0;
		};
/* End PBXCopyFilesBuildPhase section */

/* Begin PBXFileReference section */
		3107F98A261D438F00269C8A /* WebView.swift */ = {isa = PBXFileReference; lastKnownFileType = sourcecode.swift; path = WebView.swift; sourceTree = "<group>"; };
		3107F98C261D613700269C8A /* Environment.swift */ = {isa = PBXFileReference; lastKnownFileType = sourcecode.swift; path = Environment.swift; sourceTree = "<group>"; };
		316643E6261C456A007AF71F /* swiftui-window.app */ = {isa = PBXFileReference; explicitFileType = wrapper.application; includeInIndex = 0; name = "swiftui-window.app"; path = "/Users/taku/Developer/git/swiftui-window/build/Debug-iphoneos/swiftui-window.app"; sourceTree = "<absolute>"; };
		316643E9261C456A007AF71F /* swiftui_windowApp.swift */ = {isa = PBXFileReference; lastKnownFileType = sourcecode.swift; path = swiftui_windowApp.swift; sourceTree = "<group>"; };
		316643EB261C456A007AF71F /* ContentView.swift */ = {isa = PBXFileReference; lastKnownFileType = sourcecode.swift; path = ContentView.swift; sourceTree = "<group>"; };
		316643ED261C456D007AF71F /* Assets.xcassets */ = {isa = PBXFileReference; lastKnownFileType = folder.assetcatalog; path = Assets.xcassets; sourceTree = "<group>"; };
		316643F0261C456D007AF71F /* Preview Assets.xcassets */ = {isa = PBXFileReference; lastKnownFileType = folder.assetcatalog; path = "Preview Assets.xcassets"; sourceTree = "<group>"; };
		316643F2261C456D007AF71F /* Info.plist */ = {isa = PBXFileReference; lastKnownFileType = text.plist.xml; path = Info.plist; sourceTree = "<group>"; };
		31664414261C4607007AF71F /* window.swift */ = {isa = PBXFileReference; lastKnownFileType = sourcecode.swift; path = window.swift; sourceTree = "<group>"; };
		31664416261C5B49007AF71F /* window_system.swift */ = {isa = PBXFileReference; lastKnownFileType = sourcecode.swift; path = window_system.swift; sourceTree = "<group>"; };
		316BBDEE2B6A7F8D00340FAA /* demoApps.swift */ = {isa = PBXFileReference; lastKnownFileType = sourcecode.swift; path = demoApps.swift; sourceTree = "<group>"; };
		316BBDF02B6A7FD600340FAA /* calculator.swift */ = {isa = PBXFileReference; lastKnownFileType = sourcecode.swift; path = calculator.swift; sourceTree = "<group>"; };
		316BBDF22B6A7FD600340FAA /* MetalDemoApp.swift */ = {isa = PBXFileReference; lastKnownFileType = sourcecode.swift; path = MetalDemoApp.swift; sourceTree = "<group>"; };
		318D311D2B6B4D4D0015DF22 /* map.swift */ = {isa = PBXFileReference; lastKnownFileType = sourcecode.swift; path = map.swift; sourceTree = "<group>"; };
		31CD3DB726CB19A200ED32A3 /* README.md */ = {isa = PBXFileReference; lastKnownFileType = net.daringfireball.markdown; path = README.md; sourceTree = "<group>"; };
		31CD3DB926CB1C8600ED32A3 /* README_EN.md */ = {isa = PBXFileReference; lastKnownFileType = net.daringfireball.markdown; path = README_EN.md; sourceTree = "<group>"; };
/* End PBXFileReference section */

/* Begin PBXFrameworksBuildPhase section */
		316643E3261C456A007AF71F /* Frameworks */ = {
			isa = PBXFrameworksBuildPhase;
			buildActionMask = 2147483647;
			files = (
			);
			runOnlyForDeploymentPostprocessing = 0;
		};
/* End PBXFrameworksBuildPhase section */

/* Begin PBXGroup section */
		316643DD261C456A007AF71F = {
			isa = PBXGroup;
			children = (
				31CD3DB726CB19A200ED32A3 /* README.md */,
				31CD3DB926CB1C8600ED32A3 /* README_EN.md */,
				316643E8261C456A007AF71F /* swiftui-window */,
			);
			sourceTree = "<group>";
		};
		316643E8261C456A007AF71F /* swiftui-window */ = {
			isa = PBXGroup;
			children = (
				316BBDED2B6A7F5E00340FAA /* apps */,
				316643E9261C456A007AF71F /* swiftui_windowApp.swift */,
				316643EB261C456A007AF71F /* ContentView.swift */,
				31664416261C5B49007AF71F /* window_system.swift */,
				31664414261C4607007AF71F /* window.swift */,
				3107F98C261D613700269C8A /* Environment.swift */,
				316643ED261C456D007AF71F /* Assets.xcassets */,
				316643F2261C456D007AF71F /* Info.plist */,
				316643EF261C456D007AF71F /* Preview Content */,
			);
			path = "swiftui-window";
			sourceTree = "<group>";
		};
		316643EF261C456D007AF71F /* Preview Content */ = {
			isa = PBXGroup;
			children = (
				316643F0261C456D007AF71F /* Preview Assets.xcassets */,
			);
			path = "Preview Content";
			sourceTree = "<group>";
		};
		316BBDED2B6A7F5E00340FAA /* apps */ = {
			isa = PBXGroup;
			children = (
				3107F98A261D438F00269C8A /* WebView.swift */,
				316BBDEE2B6A7F8D00340FAA /* demoApps.swift */,
				316BBDF02B6A7FD600340FAA /* calculator.swift */,
				316BBDF22B6A7FD600340FAA /* MetalDemoApp.swift */,
				318D311D2B6B4D4D0015DF22 /* map.swift */,
			);
			path = apps;
			sourceTree = "<group>";
		};
/* End PBXGroup section */

/* Begin PBXNativeTarget section */
		316643E5261C456A007AF71F /* swiftui-window */ = {
			isa = PBXNativeTarget;
			buildConfigurationList = 3166440B261C456D007AF71F /* Build configuration list for PBXNativeTarget "swiftui-window" */;
			buildPhases = (
				316643E2261C456A007AF71F /* Sources */,
				316643E3261C456A007AF71F /* Frameworks */,
				316643E4261C456A007AF71F /* Resources */,
				31DD644E26CB11D100D3250E /* Embed Frameworks */,
			);
			buildRules = (
			);
			dependencies = (
			);
			name = "swiftui-window";
			productName = "swiftui-window";
			productReference = 316643E6261C456A007AF71F /* swiftui-window.app */;
			productType = "com.apple.product-type.application";
		};
/* End PBXNativeTarget section */

/* Begin PBXProject section */
		316643DE261C456A007AF71F /* Project object */ = {
			isa = PBXProject;
			attributes = {
				LastSwiftUpdateCheck = 1300;
				LastUpgradeCheck = 1250;
				TargetAttributes = {
					316643E5261C456A007AF71F = {
						CreatedOnToolsVersion = 12.5;
					};
				};
			};
			buildConfigurationList = 316643E1261C456A007AF71F /* Build configuration list for PBXProject "swiftui-window" */;
			compatibilityVersion = "Xcode 9.3";
			developmentRegion = en;
			hasScannedForEncodings = 0;
			knownRegions = (
				en,
				Base,
				ja,
			);
			mainGroup = 316643DD261C456A007AF71F;
			packageReferences = (
			);
			productRefGroup = 316643DD261C456A007AF71F;
			projectDirPath = "";
			projectRoot = "";
			targets = (
				316643E5261C456A007AF71F /* swiftui-window */,
			);
		};
/* End PBXProject section */

/* Begin PBXResourcesBuildPhase section */
		316643E4261C456A007AF71F /* Resources */ = {
			isa = PBXResourcesBuildPhase;
			buildActionMask = 2147483647;
			files = (
				31CD3DB826CB19A200ED32A3 /* README.md in Resources */,
				316643F1261C456D007AF71F /* Preview Assets.xcassets in Resources */,
				316643EE261C456D007AF71F /* Assets.xcassets in Resources */,
				31CD3DBA26CB1C8600ED32A3 /* README_EN.md in Resources */,
			);
			runOnlyForDeploymentPostprocessing = 0;
		};
/* End PBXResourcesBuildPhase section */

/* Begin PBXSourcesBuildPhase section */
		316643E2261C456A007AF71F /* Sources */ = {
			isa = PBXSourcesBuildPhase;
			buildActionMask = 2147483647;
			files = (
				318D311E2B6B4D4D0015DF22 /* map.swift in Sources */,
				31DD645826CB11EC00D3250E /* Environment.swift in Sources */,
				31DD645C26CB11EC00D3250E /* window_system.swift in Sources */,
				31DD645926CB11EC00D3250E /* WebView.swift in Sources */,
				31DD645A26CB11EC00D3250E /* ContentView.swift in Sources */,
				316BBDEF2B6A7F8D00340FAA /* demoApps.swift in Sources */,
				316BBDF12B6A7FD600340FAA /* calculator.swift in Sources */,
				316BBDF32B6A7FD600340FAA /* MetalDemoApp.swift in Sources */,
				31DD645B26CB11EC00D3250E /* window.swift in Sources */,
				31DD645D26CB11EC00D3250E /* swiftui_windowApp.swift in Sources */,
			);
			runOnlyForDeploymentPostprocessing = 0;
		};
/* End PBXSourcesBuildPhase section */

/* Begin XCBuildConfiguration section */
		31664409261C456D007AF71F /* Debug */ = {
			isa = XCBuildConfiguration;
			buildSettings = {
				ALWAYS_SEARCH_USER_PATHS = NO;
				CLANG_ANALYZER_NONNULL = YES;
				CLANG_ANALYZER_NUMBER_OBJECT_CONVERSION = YES_AGGRESSIVE;
				CLANG_CXX_LANGUAGE_STANDARD = "gnu++14";
				CLANG_CXX_LIBRARY = "libc++";
				CLANG_ENABLE_MODULES = YES;
				CLANG_ENABLE_OBJC_ARC = YES;
				CLANG_ENABLE_OBJC_WEAK = YES;
				CLANG_WARN_BLOCK_CAPTURE_AUTORELEASING = YES;
				CLANG_WARN_BOOL_CONVERSION = YES;
				CLANG_WARN_COMMA = YES;
				CLANG_WARN_CONSTANT_CONVERSION = YES;
				CLANG_WARN_DEPRECATED_OBJC_IMPLEMENTATIONS = YES;
				CLANG_WARN_DIRECT_OBJC_ISA_USAGE = YES_ERROR;
				CLANG_WARN_DOCUMENTATION_COMMENTS = YES;
				CLANG_WARN_EMPTY_BODY = YES;
				CLANG_WARN_ENUM_CONVERSION = YES;
				CLANG_WARN_INFINITE_RECURSION = YES;
				CLANG_WARN_INT_CONVERSION = YES;
				CLANG_WARN_NON_LITERAL_NULL_CONVERSION = YES;
				CLANG_WARN_OBJC_IMPLICIT_RETAIN_SELF = YES;
				CLANG_WARN_OBJC_LITERAL_CONVERSION = YES;
				CLANG_WARN_OBJC_ROOT_CLASS = YES_ERROR;
				CLANG_WARN_QUOTED_INCLUDE_IN_FRAMEWORK_HEADER = YES;
				CLANG_WARN_RANGE_LOOP_ANALYSIS = YES;
				CLANG_WARN_STRICT_PROTOTYPES = YES;
				CLANG_WARN_SUSPICIOUS_MOVE = YES;
				CLANG_WARN_UNGUARDED_AVAILABILITY = YES_AGGRESSIVE;
				CLANG_WARN_UNREACHABLE_CODE = YES;
				CLANG_WARN__DUPLICATE_METHOD_MATCH = YES;
				COPY_PHASE_STRIP = NO;
				DEBUG_INFORMATION_FORMAT = dwarf;
				ENABLE_STRICT_OBJC_MSGSEND = YES;
				ENABLE_TESTABILITY = YES;
				GCC_C_LANGUAGE_STANDARD = gnu11;
				GCC_DYNAMIC_NO_PIC = NO;
				GCC_NO_COMMON_BLOCKS = YES;
				GCC_OPTIMIZATION_LEVEL = 0;
				GCC_PREPROCESSOR_DEFINITIONS = (
					"DEBUG=1",
					"$(inherited)",
				);
				GCC_WARN_64_TO_32_BIT_CONVERSION = YES;
				GCC_WARN_ABOUT_RETURN_TYPE = YES_ERROR;
				GCC_WARN_UNDECLARED_SELECTOR = YES;
				GCC_WARN_UNINITIALIZED_AUTOS = YES_AGGRESSIVE;
				GCC_WARN_UNUSED_FUNCTION = YES;
				GCC_WARN_UNUSED_VARIABLE = YES;
				IPHONEOS_DEPLOYMENT_TARGET = 14.5;
				MTL_ENABLE_DEBUG_INFO = INCLUDE_SOURCE;
				MTL_FAST_MATH = YES;
				ONLY_ACTIVE_ARCH = YES;
				SDKROOT = iphoneos;
				SWIFT_ACTIVE_COMPILATION_CONDITIONS = DEBUG;
				SWIFT_OPTIMIZATION_LEVEL = "-Onone";
			};
			name = Debug;
		};
		3166440A261C456D007AF71F /* Release */ = {
			isa = XCBuildConfiguration;
			buildSettings = {
				ALWAYS_SEARCH_USER_PATHS = NO;
				CLANG_ANALYZER_NONNULL = YES;
				CLANG_ANALYZER_NUMBER_OBJECT_CONVERSION = YES_AGGRESSIVE;
				CLANG_CXX_LANGUAGE_STANDARD = "gnu++14";
				CLANG_CXX_LIBRARY = "libc++";
				CLANG_ENABLE_MODULES = YES;
				CLANG_ENABLE_OBJC_ARC = YES;
				CLANG_ENABLE_OBJC_WEAK = YES;
				CLANG_WARN_BLOCK_CAPTURE_AUTORELEASING = YES;
				CLANG_WARN_BOOL_CONVERSION = YES;
				CLANG_WARN_COMMA = YES;
				CLANG_WARN_CONSTANT_CONVERSION = YES;
				CLANG_WARN_DEPRECATED_OBJC_IMPLEMENTATIONS = YES;
				CLANG_WARN_DIRECT_OBJC_ISA_USAGE = YES_ERROR;
				CLANG_WARN_DOCUMENTATION_COMMENTS = YES;
				CLANG_WARN_EMPTY_BODY = YES;
				CLANG_WARN_ENUM_CONVERSION = YES;
				CLANG_WARN_INFINITE_RECURSION = YES;
				CLANG_WARN_INT_CONVERSION = YES;
				CLANG_WARN_NON_LITERAL_NULL_CONVERSION = YES;
				CLANG_WARN_OBJC_IMPLICIT_RETAIN_SELF = YES;
				CLANG_WARN_OBJC_LITERAL_CONVERSION = YES;
				CLANG_WARN_OBJC_ROOT_CLASS = YES_ERROR;
				CLANG_WARN_QUOTED_INCLUDE_IN_FRAMEWORK_HEADER = YES;
				CLANG_WARN_RANGE_LOOP_ANALYSIS = YES;
				CLANG_WARN_STRICT_PROTOTYPES = YES;
				CLANG_WARN_SUSPICIOUS_MOVE = YES;
				CLANG_WARN_UNGUARDED_AVAILABILITY = YES_AGGRESSIVE;
				CLANG_WARN_UNREACHABLE_CODE = YES;
				CLANG_WARN__DUPLICATE_METHOD_MATCH = YES;
				COPY_PHASE_STRIP = NO;
				DEBUG_INFORMATION_FORMAT = "dwarf-with-dsym";
				ENABLE_NS_ASSERTIONS = NO;
				ENABLE_STRICT_OBJC_MSGSEND = YES;
				GCC_C_LANGUAGE_STANDARD = gnu11;
				GCC_NO_COMMON_BLOCKS = YES;
				GCC_WARN_64_TO_32_BIT_CONVERSION = YES;
				GCC_WARN_ABOUT_RETURN_TYPE = YES_ERROR;
				GCC_WARN_UNDECLARED_SELECTOR = YES;
				GCC_WARN_UNINITIALIZED_AUTOS = YES_AGGRESSIVE;
				GCC_WARN_UNUSED_FUNCTION = YES;
				GCC_WARN_UNUSED_VARIABLE = YES;
				IPHONEOS_DEPLOYMENT_TARGET = 14.5;
				MTL_ENABLE_DEBUG_INFO = NO;
				MTL_FAST_MATH = YES;
				SDKROOT = iphoneos;
				SWIFT_COMPILATION_MODE = wholemodule;
				SWIFT_OPTIMIZATION_LEVEL = "-O";
				VALIDATE_PRODUCT = YES;
			};
			name = Release;
		};
		3166440C261C456D007AF71F /* Debug */ = {
			isa = XCBuildConfiguration;
			buildSettings = {
				ASSETCATALOG_COMPILER_APPICON_NAME = AppIcon;
				ASSETCATALOG_COMPILER_GLOBAL_ACCENT_COLOR_NAME = AccentColor;
				CODE_SIGN_ENTITLEMENTS = "swiftui-window/swiftui-window.entitlements";
				CODE_SIGN_STYLE = Automatic;
				DEVELOPMENT_ASSET_PATHS = "\"swiftui-window/Preview Content\"";
				DEVELOPMENT_TEAM = 7X8BLQTS87;
				ENABLE_PREVIEWS = YES;
				INFOPLIST_FILE = "swiftui-window/Info.plist";
				IPHONEOS_DEPLOYMENT_TARGET = 15.0;
				LD_RUNPATH_SEARCH_PATHS = (
					"$(inherited)",
					"@executable_path/Frameworks",
				);
				PRODUCT_BUNDLE_IDENTIFIER = "jp.takpika.swiftui-window";
				PRODUCT_NAME = "$(TARGET_NAME)";
				SUPPORTS_MACCATALYST = NO;
				SWIFT_VERSION = 5.0;
				TARGETED_DEVICE_FAMILY = "1,2";
			};
			name = Debug;
		};
		3166440D261C456D007AF71F /* Release */ = {
			isa = XCBuildConfiguration;
			buildSettings = {
				ASSETCATALOG_COMPILER_APPICON_NAME = AppIcon;
				ASSETCATALOG_COMPILER_GLOBAL_ACCENT_COLOR_NAME = AccentColor;
				CODE_SIGN_ENTITLEMENTS = "swiftui-window/swiftui-window.entitlements";
				CODE_SIGN_STYLE = Automatic;
				DEVELOPMENT_ASSET_PATHS = "\"swiftui-window/Preview Content\"";
				DEVELOPMENT_TEAM = 7X8BLQTS87;
				ENABLE_PREVIEWS = YES;
				INFOPLIST_FILE = "swiftui-window/Info.plist";
				IPHONEOS_DEPLOYMENT_TARGET = 15.0;
				LD_RUNPATH_SEARCH_PATHS = (
					"$(inherited)",
					"@executable_path/Frameworks",
				);
				PRODUCT_BUNDLE_IDENTIFIER = "jp.takpika.swiftui-window";
				PRODUCT_NAME = "$(TARGET_NAME)";
				SUPPORTS_MACCATALYST = NO;
				SWIFT_VERSION = 5.0;
				TARGETED_DEVICE_FAMILY = "1,2";
			};
			name = Release;
		};
/* End XCBuildConfiguration section */

/* Begin XCConfigurationList section */
		316643E1261C456A007AF71F /* Build configuration list for PBXProject "swiftui-window" */ = {
			isa = XCConfigurationList;
			buildConfigurations = (
				31664409261C456D007AF71F /* Debug */,
				3166440A261C456D007AF71F /* Release */,
			);
			defaultConfigurationIsVisible = 0;
			defaultConfigurationName = Release;
		};
		3166440B261C456D007AF71F /* Build configuration list for PBXNativeTarget "swiftui-window" */ = {
			isa = XCConfigurationList;
			buildConfigurations = (
				3166440C261C456D007AF71F /* Debug */,
				3166440D261C456D007AF71F /* Release */,
			);
			defaultConfigurationIsVisible = 0;
			defaultConfigurationName = Release;
		};
/* End XCConfigurationList section */
	};
	rootObject = 316643DE261C456A007AF71F /* Project object */;
}
